
Microsoft Visual Studio Solution File, Format Version 12.00
# Visual Studio Version 17
VisualStudioVersion = 17.8.34330.188
MinimumVisualStudioVersion = 10.0.40219.1
Project("{FAE04EC0-301F-11D3-BF4B-00C04F79EFBC}") = "Lab2 Libaje formale", "Lab2 Libaje formale\Lab2 Libaje formale.csproj", "{60718F9E-7A58-444F-828D-2CD29D77601E}"
EndProject
Global
	GlobalSection(SolutionConfigurationPlatforms) = preSolution
		Debug|Any CPU = Debug|Any CPU
		Release|Any CPU = Release|Any CPU
	EndGlobalSection
	GlobalSection(ProjectConfigurationPlatforms) = postSolution
		{60718F9E-7A58-444F-828D-2CD29D77601E}.Debug|Any CPU.ActiveCfg = Debug|Any CPU
		{60718F9E-7A58-444F-828D-2CD29D77601E}.Debug|Any CPU.Build.0 = Debug|Any CPU
		{60718F9E-7A58-444F-828D-2CD29D77601E}.Release|Any CPU.ActiveCfg = Release|Any CPU
		{60718F9E-7A58-444F-828D-2CD29D77601E}.Release|Any CPU.Build.0 = Release|Any CPU
	EndGlobalSection
	GlobalSection(SolutionProperties) = preSolution
		HideSolutionNode = FALSE
	EndGlobalSection
	GlobalSection(ExtensibilityGlobals) = postSolution
		SolutionGuid = {5256BAFC-8267-4E00-911F-82464F563E47}
	EndGlobalSection
EndGlobal
